Microsoft Visual Studio Solution File, Format Version 9.00
# Visual Studio 2005
Project("{FAE04EC0-301F-11D3-BF4B-00C04F79EFBC}") = "Spider", "Spider.csproj", "{3F8E0E46-D3D8-4EEC-8CDC-50F1476E79D6}"
EndProject
Project("{FAE04EC0-301F-11D3-BF4B-00C04F79EFBC}") = "Spider.Engine", "Spider.Engine\Spider.Engine.csproj", "{66975867-E081-46F3-9718-AEAF5D7A07D2}"
EndProject
Global
	GlobalSection(SolutionConfigurationPlatforms) = preSolution
		Debug|Any CPU = Debug|Any CPU
		Release|Any CPU = Release|Any CPU
	EndGlobalSection
	GlobalSection(ProjectConfigurationPlatforms) = postSolution
		{3F8E0E46-D3D8-4EEC-8CDC-50F1476E79D6}.Debug|Any CPU.ActiveCfg = Debug|Any CPU
		{3F8E0E46-D3D8-4EEC-8CDC-50F1476E79D6}.Debug|Any CPU.Build.0 = Debug|Any CPU
		{3F8E0E46-D3D8-4EEC-8CDC-50F1476E79D6}.Release|Any CPU.ActiveCfg = Release|Any CPU
		{3F8E0E46-D3D8-4EEC-8CDC-50F1476E79D6}.Release|Any CPU.Build.0 = Release|Any CPU
		{66975867-E081-46F3-9718-AEAF5D7A07D2}.Debug|Any CPU.ActiveCfg = Debug|Any CPU
		{66975867-E081-46F3-9718-AEAF5D7A07D2}.Debug|Any CPU.Build.0 = Debug|Any CPU
		{66975867-E081-46F3-9718-AEAF5D7A07D2}.Release|Any CPU.ActiveCfg = Release|Any CPU
		{66975867-E081-46F3-9718-AEAF5D7A07D2}.Release|Any CPU.Build.0 = Release|Any CPU
	EndGlobalSection
	GlobalSection(SolutionProperties) = preSolution
		HideSolutionNode = FALSE
	EndGlobalSection
EndGlobal
