Microsoft Visual Studio Solution File, Format Version 8.00
Project("{FAE04EC0-301F-11D3-BF4B-00C04F79EFBC}") = "Thinktecture.Tools.Web.Services.DynamicProxy", "Thinktecture.Tools.Web.Services.DynamicProxy\Thinktecture.Tools.Web.Services.DynamicProxy.csproj", "{FAC0D16E-8B01-4054-91EE-16AD37AA75B6}"
	ProjectSection(ProjectDependencies) = postProject
	EndProjectSection
EndProject
Project("{FAE04EC0-301F-11D3-BF4B-00C04F79EFBC}") = "Thinktecture.Tools.Web.Services.GenericClient", "Thinktecture.Tools.Web.Services.GenericTestClient\Thinktecture.Tools.Web.Services.GenericClient.csproj", "{EEA666E2-85F0-4870-ACAF-AB1FEB9BBE5E}"
	ProjectSection(ProjectDependencies) = postProject
	EndProjectSection
EndProject
Project("{FAE04EC0-301F-11D3-BF4B-00C04F79EFBC}") = "Thinktecture.Tools.Web.Services.Messages", "Thinktecture.Tools.Web.Services.Messages\Thinktecture.Tools.Web.Services.Messages.csproj", "{DB643372-E438-4F50-A460-0861A61F56AB}"
	ProjectSection(ProjectDependencies) = postProject
	EndProjectSection
EndProject
Global
	GlobalSection(SolutionConfiguration) = preSolution
		Debug = Debug
		Release = Release
	EndGlobalSection
	GlobalSection(ProjectConfiguration) = postSolution
		{FAC0D16E-8B01-4054-91EE-16AD37AA75B6}.Debug.ActiveCfg = Debug|.NET
		{FAC0D16E-8B01-4054-91EE-16AD37AA75B6}.Debug.Build.0 = Debug|.NET
		{FAC0D16E-8B01-4054-91EE-16AD37AA75B6}.Release.ActiveCfg = Release|.NET
		{FAC0D16E-8B01-4054-91EE-16AD37AA75B6}.Release.Build.0 = Release|.NET
		{EEA666E2-85F0-4870-ACAF-AB1FEB9BBE5E}.Debug.ActiveCfg = Debug|.NET
		{EEA666E2-85F0-4870-ACAF-AB1FEB9BBE5E}.Debug.Build.0 = Debug|.NET
		{EEA666E2-85F0-4870-ACAF-AB1FEB9BBE5E}.Release.ActiveCfg = Release|.NET
		{EEA666E2-85F0-4870-ACAF-AB1FEB9BBE5E}.Release.Build.0 = Release|.NET
		{DB643372-E438-4F50-A460-0861A61F56AB}.Debug.ActiveCfg = Debug|.NET
		{DB643372-E438-4F50-A460-0861A61F56AB}.Debug.Build.0 = Debug|.NET
		{DB643372-E438-4F50-A460-0861A61F56AB}.Release.ActiveCfg = Release|.NET
		{DB643372-E438-4F50-A460-0861A61F56AB}.Release.Build.0 = Release|.NET
	EndGlobalSection
	GlobalSection(ExtensibilityGlobals) = postSolution
	EndGlobalSection
	GlobalSection(ExtensibilityAddIns) = postSolution
	EndGlobalSection
EndGlobal
