
Microsoft Visual Studio Solution File, Format Version 9.00
# Visual Studio 2005
Project("{FAE04EC0-301F-11D3-BF4B-00C04F79EFBC}") = "DenimGroup.Sprajax.Main", "DenimGroup.Sprajax.Main\DenimGroup.Sprajax.Main.csproj", "{B6EE3875-C73D-4B9A-8657-FB1CA57C19AA}"
EndProject
Project("{FAE04EC0-301F-11D3-BF4B-00C04F79EFBC}") = "DenimGroup.Sprajax.Engine", "DenimGroup.Sprajax.Engine\DenimGroup.Sprajax.Engine.csproj", "{63834CC9-D98A-4C14-948F-7061D7C39ED1}"
EndProject
Project("{4F174C21-8C12-11D0-8340-0000F80270F8}") = "DenimGroup.Sprajax.Database", "DenimGroup.Sprajax.Database\DenimGroup.Sprajax.Database.dbp", "{F53DCEE5-AADF-40B7-9D69-281A1B9E8DDD}"
EndProject
Global
	GlobalSection(SolutionConfigurationPlatforms) = preSolution
		Debug|Any CPU = Debug|Any CPU
		Release|Any CPU = Release|Any CPU
	EndGlobalSection
	GlobalSection(ProjectConfigurationPlatforms) = postSolution
		{B6EE3875-C73D-4B9A-8657-FB1CA57C19AA}.Debug|Any CPU.ActiveCfg = Debug|Any CPU
		{B6EE3875-C73D-4B9A-8657-FB1CA57C19AA}.Debug|Any CPU.Build.0 = Debug|Any CPU
		{B6EE3875-C73D-4B9A-8657-FB1CA57C19AA}.Release|Any CPU.ActiveCfg = Release|Any CPU
		{B6EE3875-C73D-4B9A-8657-FB1CA57C19AA}.Release|Any CPU.Build.0 = Release|Any CPU
		{63834CC9-D98A-4C14-948F-7061D7C39ED1}.Debug|Any CPU.ActiveCfg = Debug|Any CPU
		{63834CC9-D98A-4C14-948F-7061D7C39ED1}.Debug|Any CPU.Build.0 = Debug|Any CPU
		{63834CC9-D98A-4C14-948F-7061D7C39ED1}.Release|Any CPU.ActiveCfg = Release|Any CPU
		{63834CC9-D98A-4C14-948F-7061D7C39ED1}.Release|Any CPU.Build.0 = Release|Any CPU
	EndGlobalSection
	GlobalSection(SolutionProperties) = preSolution
		HideSolutionNode = FALSE
	EndGlobalSection
EndGlobal
